
Microsoft Visual Studio Solution File, Format Version 12.00
# Visual Studio 15
VisualStudioVersion = 15.0.27703.2000
MinimumVisualStudioVersion = 10.0.40219.1
Project("{9A19103F-16F7-4668-BE54-9A1E7A4F7556}") = "Rawfer", "Rawfer\Rawfer.csproj", "{F49B8AC0-BC2F-4E2C-9416-FB9D47E982C5}"
EndProject
Project("{00D1A9C2-B5F0-4AF3-8072-F6C62B433612}") = "RawferDB", "RawferDB\RawferDB.sqlproj", "{0DB9D6E7-E0CC-46C3-9093-E16F0266C6A2}"
EndProject
Global
	GlobalSection(SolutionConfigurationPlatforms) = preSolution
		Debug|Any CPU = Debug|Any CPU
		Release|Any CPU = Release|Any CPU
	EndGlobalSection
	GlobalSection(ProjectConfigurationPlatforms) = postSolution
		{F49B8AC0-BC2F-4E2C-9416-FB9D47E982C5}.Debug|Any CPU.ActiveCfg = Debug|Any CPU
		{F49B8AC0-BC2F-4E2C-9416-FB9D47E982C5}.Debug|Any CPU.Build.0 = Debug|Any CPU
		{F49B8AC0-BC2F-4E2C-9416-FB9D47E982C5}.Release|Any CPU.ActiveCfg = Release|Any CPU
		{F49B8AC0-BC2F-4E2C-9416-FB9D47E982C5}.Release|Any CPU.Build.0 = Release|Any CPU
		{0DB9D6E7-E0CC-46C3-9093-E16F0266C6A2}.Debug|Any CPU.ActiveCfg = Debug|Any CPU
		{0DB9D6E7-E0CC-46C3-9093-E16F0266C6A2}.Debug|Any CPU.Build.0 = Debug|Any CPU
		{0DB9D6E7-E0CC-46C3-9093-E16F0266C6A2}.Debug|Any CPU.Deploy.0 = Debug|Any CPU
		{0DB9D6E7-E0CC-46C3-9093-E16F0266C6A2}.Release|Any CPU.ActiveCfg = Release|Any CPU
		{0DB9D6E7-E0CC-46C3-9093-E16F0266C6A2}.Release|Any CPU.Build.0 = Release|Any CPU
		{0DB9D6E7-E0CC-46C3-9093-E16F0266C6A2}.Release|Any CPU.Deploy.0 = Release|Any CPU
	EndGlobalSection
	GlobalSection(SolutionProperties) = preSolution
		HideSolutionNode = FALSE
	EndGlobalSection
	GlobalSection(ExtensibilityGlobals) = postSolution
		SolutionGuid = {3F1D2AA8-2A1C-4F0B-8282-D2C39659DAD8}
	EndGlobalSection
EndGlobal
